
Microsoft Visual Studio Solution File, Format Version 12.00
# Visual Studio 15
VisualStudioVersion = 15.0.27130.2027
MinimumVisualStudioVersion = 10.0.40219.1
Project("{FAE04EC0-301F-11D3-BF4B-00C04F79EFBC}") = "BookingAppMVC", "BookingAppMVC\BookingAppMVC.csproj", "{9A157A24-7155-4A23-8983-17369C35FB82}"
EndProject
Project("{FAE04EC0-301F-11D3-BF4B-00C04F79EFBC}") = "BookingAppMVC.Tests", "BookingAppMVC.Tests\BookingAppMVC.Tests.csproj", "{8EDDDD10-2857-4AA2-A705-34CD7D8ED0D3}"
EndProject
Global
	GlobalSection(SolutionConfigurationPlatforms) = preSolution
		Debug|Any CPU = Debug|Any CPU
		Release|Any CPU = Release|Any CPU
	EndGlobalSection
	GlobalSection(ProjectConfigurationPlatforms) = postSolution
		{9A157A24-7155-4A23-8983-17369C35FB82}.Debug|Any CPU.ActiveCfg = Debug|Any CPU
		{9A157A24-7155-4A23-8983-17369C35FB82}.Debug|Any CPU.Build.0 = Debug|Any CPU
		{9A157A24-7155-4A23-8983-17369C35FB82}.Release|Any CPU.ActiveCfg = Release|Any CPU
		{9A157A24-7155-4A23-8983-17369C35FB82}.Release|Any CPU.Build.0 = Release|Any CPU
		{8EDDDD10-2857-4AA2-A705-34CD7D8ED0D3}.Debug|Any CPU.ActiveCfg = Debug|Any CPU
		{8EDDDD10-2857-4AA2-A705-34CD7D8ED0D3}.Debug|Any CPU.Build.0 = Debug|Any CPU
		{8EDDDD10-2857-4AA2-A705-34CD7D8ED0D3}.Release|Any CPU.ActiveCfg = Release|Any CPU
		{8EDDDD10-2857-4AA2-A705-34CD7D8ED0D3}.Release|Any CPU.Build.0 = Release|Any CPU
	EndGlobalSection
	GlobalSection(SolutionProperties) = preSolution
		HideSolutionNode = FALSE
	EndGlobalSection
	GlobalSection(ExtensibilityGlobals) = postSolution
		SolutionGuid = {F1DD67FF-235B-42D7-B650-DDFD0190D687}
	EndGlobalSection
EndGlobal
